{
  "name": "examples",
  "version": "1.0.0",
  "lockfileVersion": 3,
  "requires": true,
  "packages": {
    "": {
      "name": "examples",
      "version": "1.0.0",
      "license": "ISC",
      "dependencies": {
        "nmal": "^0.1.0"
      }
    },
    "node_modules/nmal": {
      "version": "0.1.0",
      "resolved": "https://registry.npmjs.org/nmal/-/nmal-0.1.0.tgz",
      "integrity": "sha512-ju32FGrO/dxhvFDMHppZiPKE9JJWfq9DsSOezISzNcJwH2V7bqe/lF827B+Vskqw3XQGYJZ5zZp4ZbrWzhxwEw==",
      "license": "MIT",
      "engines": {
        "node": ">=10"
      }
    }
  }
}
